
Microsoft Visual Studio Solution File, Format Version 12.00
# Visual Studio 15
VisualStudioVersion = 15.0.28307.852
MinimumVisualStudioVersion = 10.0.40219.1
Project("{FAE04EC0-301F-11D3-BF4B-00C04F79EFBC}") = "Clue-Week1", "Clue-Week1\Clue-Week1.csproj", "{C2F1D894-4ED8-4693-914C-5D88E56CA0C2}"
EndProject
Global
	GlobalSection(SolutionConfigurationPlatforms) = preSolution
		Debug|Any CPU = Debug|Any CPU
		Release|Any CPU = Release|Any CPU
	EndGlobalSection
	GlobalSection(ProjectConfigurationPlatforms) = postSolution
		{C2F1D894-4ED8-4693-914C-5D88E56CA0C2}.Debug|Any CPU.ActiveCfg = Debug|Any CPU
		{C2F1D894-4ED8-4693-914C-5D88E56CA0C2}.Debug|Any CPU.Build.0 = Debug|Any CPU
		{C2F1D894-4ED8-4693-914C-5D88E56CA0C2}.Release|Any CPU.ActiveCfg = Release|Any CPU
		{C2F1D894-4ED8-4693-914C-5D88E56CA0C2}.Release|Any CPU.Build.0 = Release|Any CPU
	EndGlobalSection
	GlobalSection(SolutionProperties) = preSolution
		HideSolutionNode = FALSE
	EndGlobalSection
	GlobalSection(ExtensibilityGlobals) = postSolution
		SolutionGuid = {C6CF1586-9614-4174-B15D-51A79CAC3624}
	EndGlobalSection
EndGlobal
